// !$*UTF8*$!
{
	archiveVersion = 1;
	classes = {
	};
	objectVersion = 51;
	objects = {

/* Begin PBXBuildFile section */
		9B05DD252688CC8600B0D0AE /* learner.json in Resources */ = {isa = PBXBuildFile; fileRef = 9B05DD242688CC8600B0D0AE /* learner.json */; };
		9B06A6AD26A2FC9700111062 /* ArticlesTwoModel.swift in Sources */ = {isa = PBXBuildFile; fileRef = 9B06A6AC26A2FC9700111062 /* ArticlesTwoModel.swift */; };
		9B0C517126C1502100645215 /* ArticleHeader.swift in Sources */ = {isa = PBXBuildFile; fileRef = 9B0C517026C1502100645215 /* ArticleHeader.swift */; };
		9B2971AB268C1105009F0148 /* ArticleCardView.swift in Sources */ = {isa = PBXBuildFile; fileRef = 9B2971AA268C1104009F0148 /* ArticleCardView.swift */; };
		9B2971AD268C113E009F0148 /* ArticleScrollView.swift in Sources */ = {isa = PBXBuildFile; fileRef = 9B2971AC268C113E009F0148 /* ArticleScrollView.swift */; };
		9B2971AF268C12F5009F0148 /* articles.json in Resources */ = {isa = PBXBuildFile; fileRef = 9B2971AE268C12F5009F0148 /* articles.json */; };
		9B2971B1268CAD9A009F0148 /* ArticlesModel.swift in Sources */ = {isa = PBXBuildFile; fileRef = 9B2971B0268CAD9A009F0148 /* ArticlesModel.swift */; };
		9B46A81526F4A60E008EC2F9 /* TipsView.swift in Sources */ = {isa = PBXBuildFile; fileRef = 9B46A81426F4A60E008EC2F9 /* TipsView.swift */; };
		9B5A46E226A2EE210018967D /* articlestwo.json in Resources */ = {isa = PBXBuildFile; fileRef = 9B5A46E126A2EE210018967D /* articlestwo.json */; };
		9B5A46E426A2EEEC0018967D /* ArticleTwoScrollView.swift in Sources */ = {isa = PBXBuildFile; fileRef = 9B5A46E326A2EEEC0018967D /* ArticleTwoScrollView.swift */; };
		9B5A46E626A2EF1B0018967D /* ArticleTwoCardView.swift in Sources */ = {isa = PBXBuildFile; fileRef = 9B5A46E526A2EF1B0018967D /* ArticleTwoCardView.swift */; };
		9B5BF1C526D6095F00460746 /* SingleQuizView.swift in Sources */ = {isa = PBXBuildFile; fileRef = 9B5BF1C426D6095F00460746 /* SingleQuizView.swift */; };
		9B5BF1C726D7822700460746 /* NavigationBar.swift in Sources */ = {isa = PBXBuildFile; fileRef = 9B5BF1C626D7822700460746 /* NavigationBar.swift */; };
		9B5BF1C926D8DF8700460746 /* resources.json in Resources */ = {isa = PBXBuildFile; fileRef = 9B5BF1C826D8DF8700460746 /* resources.json */; };
		9B5BF1CB26D8E01200460746 /* MoodModel.swift in Sources */ = {isa = PBXBuildFile; fileRef = 9B5BF1CA26D8E01200460746 /* MoodModel.swift */; };
		9B5BF1CD26D8E2A800460746 /* MoodHeaderView.swift in Sources */ = {isa = PBXBuildFile; fileRef = 9B5BF1CC26D8E2A800460746 /* MoodHeaderView.swift */; };
		9B8249B426D9DED300E57090 /* MoodArticlesView.swift in Sources */ = {isa = PBXBuildFile; fileRef = 9B8249B326D9DED300E57090 /* MoodArticlesView.swift */; };
		9B8249B626DA940A00E57090 /* MoodFoods.swift in Sources */ = {isa = PBXBuildFile; fileRef = 9B8249B526DA940900E57090 /* MoodFoods.swift */; };
		9B8249B826DBDD2000E57090 /* MoodMeditation.swift in Sources */ = {isa = PBXBuildFile; fileRef = 9B8249B726DBDD2000E57090 /* MoodMeditation.swift */; };
		9B8249BE26DBF2B900E57090 /* resourcessad.json in Resources */ = {isa = PBXBuildFile; fileRef = 9B8249BD26DBF2B900E57090 /* resourcessad.json */; };
		9B8249C026DBF59100E57090 /* SadMoodModel.swift in Sources */ = {isa = PBXBuildFile; fileRef = 9B8249BF26DBF59100E57090 /* SadMoodModel.swift */; };
		9B8249C226DC115300E57090 /* MoodYoga.swift in Sources */ = {isa = PBXBuildFile; fileRef = 9B8249C126DC115300E57090 /* MoodYoga.swift */; };
		9B874F9D26881C7400DAC53D /* Constant.swift in Sources */ = {isa = PBXBuildFile; fileRef = 9B874F9C26881C7400DAC53D /* Constant.swift */; };
		9B874FA026881D8300DAC53D /* AffirmItemView.swift in Sources */ = {isa = PBXBuildFile; fileRef = 9B874F9F26881D8300DAC53D /* AffirmItemView.swift */; };
		9B8DB6D026B66F12001E08C2 /* SingleCardView.swift in Sources */ = {isa = PBXBuildFile; fileRef = 9B8DB6CF26B66F12001E08C2 /* SingleCardView.swift */; };
		9B90BA492686CC840064FA1F /* NavigationBarView.swift in Sources */ = {isa = PBXBuildFile; fileRef = 9B90BA482686CC840064FA1F /* NavigationBarView.swift */; };
		9BA6E04726723E330086599B /* Cup_For_ChangeApp.swift in Sources */ = {isa = PBXBuildFile; fileRef = 9BA6E04626723E330086599B /* Cup_For_ChangeApp.swift */; };
		9BA6E04926723E330086599B /* ContentView.swift in Sources */ = {isa = PBXBuildFile; fileRef = 9BA6E04826723E330086599B /* ContentView.swift */; };
		9BA6E04B26723E350086599B /* Assets.xcassets in Resources */ = {isa = PBXBuildFile; fileRef = 9BA6E04A26723E350086599B /* Assets.xcassets */; };
		9BA6E04E26723E350086599B /* Preview Assets.xcassets in Resources */ = {isa = PBXBuildFile; fileRef = 9BA6E04D26723E350086599B /* Preview Assets.xcassets */; };
		9BAA753C2744038C00584B80 /* GoogleService-Info.plist in Resources */ = {isa = PBXBuildFile; fileRef = 9BAA753B2744038C00584B80 /* GoogleService-Info.plist */; };
		9BADC6D626D393DC00F4E682 /* FinalView.swift in Sources */ = {isa = PBXBuildFile; fileRef = 9BADC6D526D393DC00F4E682 /* FinalView.swift */; };
		9BADC6D826D3A76100F4E682 /* CupQuiz.swift in Sources */ = {isa = PBXBuildFile; fileRef = 9BADC6D726D3A76100F4E682 /* CupQuiz.swift */; };
		9BADC6DA26D3A95200F4E682 /* cupquiz.json in Resources */ = {isa = PBXBuildFile; fileRef = 9BADC6D926D3A95200F4E682 /* cupquiz.json */; };
		9BADC6DC26D3ACBB00F4E682 /* CupQuizModel.swift in Sources */ = {isa = PBXBuildFile; fileRef = 9BADC6DB26D3ACBB00F4E682 /* CupQuizModel.swift */; };
		9BADC6DE26D4AF6C00F4E682 /* CupQuizFinalView.swift in Sources */ = {isa = PBXBuildFile; fileRef = 9BADC6DD26D4AF6C00F4E682 /* CupQuizFinalView.swift */; };
		9BB02FC726BE825D0005E87A /* QuizModel.swift in Sources */ = {isa = PBXBuildFile; fileRef = 9BB02FC626BE825D0005E87A /* QuizModel.swift */; };
		9BB1193126A73191007282BA /* TimerMode.swift in Sources */ = {isa = PBXBuildFile; fileRef = 9BB1193026A73191007282BA /* TimerMode.swift */; };
		9BB1193326A81FD1007282BA /* TimerManager.swift in Sources */ = {isa = PBXBuildFile; fileRef = 9BB1193226A81FD1007282BA /* TimerManager.swift */; };
		9BB2BBB6267CC424006DF157 /* EducationalView.swift in Sources */ = {isa = PBXBuildFile; fileRef = 9BB2BBB5267CC424006DF157 /* EducationalView.swift */; };
		9BB2BBB8267CC43B006DF157 /* HomeView.swift in Sources */ = {isa = PBXBuildFile; fileRef = 9BB2BBB7267CC43B006DF157 /* HomeView.swift */; };
		9BB2BBBA267CC44F006DF157 /* FlowView.swift in Sources */ = {isa = PBXBuildFile; fileRef = 9BB2BBB9267CC44F006DF157 /* FlowView.swift */; };
		9BB2BBBC267CC495006DF157 /* MapView.swift in Sources */ = {isa = PBXBuildFile; fileRef = 9BB2BBBB267CC495006DF157 /* MapView.swift */; };
		9BB2BBBE267CC4B7006DF157 /* HelpView.swift in Sources */ = {isa = PBXBuildFile; fileRef = 9BB2BBBD267CC4B7006DF157 /* HelpView.swift */; };
		9BB2BBC3267E289E006DF157 /* OrgLocationModel.swift in Sources */ = {isa = PBXBuildFile; fileRef = 9BB2BBC2267E289E006DF157 /* OrgLocationModel.swift */; };
		9BB2BBC6267E3AF4006DF157 /* MapAnnotationView.swift in Sources */ = {isa = PBXBuildFile; fileRef = 9BB2BBC5267E3AF4006DF157 /* MapAnnotationView.swift */; };
		9BC8A447268760990023C2DA /* LearnerTopModel.swift in Sources */ = {isa = PBXBuildFile; fileRef = 9BC8A446268760990023C2DA /* LearnerTopModel.swift */; };
		9BEF7612267F935200F5AA42 /* LocationPinView.swift in Sources */ = {isa = PBXBuildFile; fileRef = 9BEF7611267F935200F5AA42 /* LocationPinView.swift */; };
		9BF328A62689673C00D0B132 /* AffirmTabView.swift in Sources */ = {isa = PBXBuildFile; fileRef = 9BF328A52689673C00D0B132 /* AffirmTabView.swift */; };
		9BF328A82689864400D0B132 /* categoryquiz1.json in Resources */ = {isa = PBXBuildFile; fileRef = 9BF328A72689864400D0B132 /* categoryquiz1.json */; };
		9BFC91C9267EF0E5002A6D12 /* CodableBundleExtensions.swift in Sources */ = {isa = PBXBuildFile; fileRef = 9BFC91C8267EF0E5002A6D12 /* CodableBundleExtensions.swift */; };
		9BFC91CB267EF4B8002A6D12 /* location.json in Resources */ = {isa = PBXBuildFile; fileRef = 9BFC91CA267EF4B8002A6D12 /* location.json */; };
/* End PBXBuildFile section */

/* Begin PBXFileReference section */
		46B1142A6B93FFB73ADFA8C7 /* Pods_Cup_For_Change.framework */ = {isa = PBXFileReference; explicitFileType = wrapper.framework; includeInIndex = 0; path = Pods_Cup_For_Change.framework; sourceTree = BUILT_PRODUCTS_DIR; };
		9B05DD242688CC8600B0D0AE /* learner.json */ = {isa = PBXFileReference; lastKnownFileType = text.json; path = learner.json; sourceTree = "<group>"; xcLanguageSpecificationIdentifier = xcode.lang.json; };
		9B06A6AC26A2FC9700111062 /* ArticlesTwoModel.swift */ = {isa = PBXFileReference; lastKnownFileType = sourcecode.swift; path = ArticlesTwoModel.swift; sourceTree = "<group>"; };
		9B0C517026C1502100645215 /* ArticleHeader.swift */ = {isa = PBXFileReference; lastKnownFileType = sourcecode.swift; path = ArticleHeader.swift; sourceTree = "<group>"; };
		9B2971AA268C1104009F0148 /* ArticleCardView.swift */ = {isa = PBXFileReference; lastKnownFileType = sourcecode.swift; path = ArticleCardView.swift; sourceTree = "<group>"; };
		9B2971AC268C113E009F0148 /* ArticleScrollView.swift */ = {isa = PBXFileReference; lastKnownFileType = sourcecode.swift; path = ArticleScrollView.swift; sourceTree = "<group>"; };
		9B2971AE268C12F5009F0148 /* articles.json */ = {isa = PBXFileReference; lastKnownFileType = text.json; path = articles.json; sourceTree = "<group>"; };
		9B2971B0268CAD9A009F0148 /* ArticlesModel.swift */ = {isa = PBXFileReference; lastKnownFileType = sourcecode.swift; path = ArticlesModel.swift; sourceTree = "<group>"; };
		9B46A81426F4A60E008EC2F9 /* TipsView.swift */ = {isa = PBXFileReference; lastKnownFileType = sourcecode.swift; path = TipsView.swift; sourceTree = "<group>"; };
		9B5A46E126A2EE210018967D /* articlestwo.json */ = {isa = PBXFileReference; lastKnownFileType = text.json; path = articlestwo.json; sourceTree = "<group>"; };
		9B5A46E326A2EEEC0018967D /* ArticleTwoScrollView.swift */ = {isa = PBXFileReference; lastKnownFileType = sourcecode.swift; path = ArticleTwoScrollView.swift; sourceTree = "<group>"; };
		9B5A46E526A2EF1B0018967D /* ArticleTwoCardView.swift */ = {isa = PBXFileReference; lastKnownFileType = sourcecode.swift; path = ArticleTwoCardView.swift; sourceTree = "<group>"; };
		9B5BF1C426D6095F00460746 /* SingleQuizView.swift */ = {isa = PBXFileReference; lastKnownFileType = sourcecode.swift; path = SingleQuizView.swift; sourceTree = "<group>"; };
		9B5BF1C626D7822700460746 /* NavigationBar.swift */ = {isa = PBXFileReference; lastKnownFileType = sourcecode.swift; path = NavigationBar.swift; sourceTree = "<group>"; };
		9B5BF1C826D8DF8700460746 /* resources.json */ = {isa = PBXFileReference; lastKnownFileType = text.json; path = resources.json; sourceTree = "<group>"; };
		9B5BF1CA26D8E01200460746 /* MoodModel.swift */ = {isa = PBXFileReference; lastKnownFileType = sourcecode.swift; path = MoodModel.swift; sourceTree = "<group>"; };
		9B5BF1CC26D8E2A800460746 /* MoodHeaderView.swift */ = {isa = PBXFileReference; lastKnownFileType = sourcecode.swift; path = MoodHeaderView.swift; sourceTree = "<group>"; };
		9B8249B326D9DED300E57090 /* MoodArticlesView.swift */ = {isa = PBXFileReference; lastKnownFileType = sourcecode.swift; path = MoodArticlesView.swift; sourceTree = "<group>"; };
		9B8249B526DA940900E57090 /* MoodFoods.swift */ = {isa = PBXFileReference; lastKnownFileType = sourcecode.swift; path = MoodFoods.swift; sourceTree = "<group>"; };
		9B8249B726DBDD2000E57090 /* MoodMeditation.swift */ = {isa = PBXFileReference; lastKnownFileType = sourcecode.swift; path = MoodMeditation.swift; sourceTree = "<group>"; };
		9B8249BD26DBF2B900E57090 /* resourcessad.json */ = {isa = PBXFileReference; lastKnownFileType = text.json; path = resourcessad.json; sourceTree = "<group>"; };
		9B8249BF26DBF59100E57090 /* SadMoodModel.swift */ = {isa = PBXFileReference; lastKnownFileType = sourcecode.swift; path = SadMoodModel.swift; sourceTree = "<group>"; };
		9B8249C126DC115300E57090 /* MoodYoga.swift */ = {isa = PBXFileReference; lastKnownFileType = sourcecode.swift; path = MoodYoga.swift; sourceTree = "<group>"; };
		9B874F9C26881C7400DAC53D /* Constant.swift */ = {isa = PBXFileReference; lastKnownFileType = sourcecode.swift; path = Constant.swift; sourceTree = "<group>"; };
		9B874F9F26881D8300DAC53D /* AffirmItemView.swift */ = {isa = PBXFileReference; lastKnownFileType = sourcecode.swift; path = AffirmItemView.swift; sourceTree = "<group>"; };
		9B8DB6CF26B66F12001E08C2 /* SingleCardView.swift */ = {isa = PBXFileReference; lastKnownFileType = sourcecode.swift; path = SingleCardView.swift; sourceTree = "<group>"; };
		9B90BA482686CC840064FA1F /* NavigationBarView.swift */ = {isa = PBXFileReference; lastKnownFileType = sourcecode.swift; path = NavigationBarView.swift; sourceTree = "<group>"; };
		9BA6E04326723E330086599B /* Cup For Change.app */ = {isa = PBXFileReference; explicitFileType = wrapper.application; includeInIndex = 0; path = "Cup For Change.app"; sourceTree = BUILT_PRODUCTS_DIR; };
		9BA6E04626723E330086599B /* Cup_For_ChangeApp.swift */ = {isa = PBXFileReference; lastKnownFileType = sourcecode.swift; path = Cup_For_ChangeApp.swift; sourceTree = "<group>"; };
		9BA6E04826723E330086599B /* ContentView.swift */ = {isa = PBXFileReference; lastKnownFileType = sourcecode.swift; path = ContentView.swift; sourceTree = "<group>"; };
		9BA6E04A26723E350086599B /* Assets.xcassets */ = {isa = PBXFileReference; lastKnownFileType = folder.assetcatalog; path = Assets.xcassets; sourceTree = "<group>"; };
		9BA6E04D26723E350086599B /* Preview Assets.xcassets */ = {isa = PBXFileReference; lastKnownFileType = folder.assetcatalog; path = "Preview Assets.xcassets"; sourceTree = "<group>"; };
		9BA6E04F26723E350086599B /* Info.plist */ = {isa = PBXFileReference; lastKnownFileType = text.plist.xml; path = Info.plist; sourceTree = "<group>"; };
		9BAA753B2744038C00584B80 /* GoogleService-Info.plist */ = {isa = PBXFileReference; lastKnownFileType = text.plist; name = "GoogleService-Info.plist"; path = "Cup For Change/App/GoogleService-Info.plist"; sourceTree = SOURCE_ROOT; };
		9BADC6D526D393DC00F4E682 /* FinalView.swift */ = {isa = PBXFileReference; lastKnownFileType = sourcecode.swift; path = FinalView.swift; sourceTree = "<group>"; };
		9BADC6D726D3A76100F4E682 /* CupQuiz.swift */ = {isa = PBXFileReference; lastKnownFileType = sourcecode.swift; path = CupQuiz.swift; sourceTree = "<group>"; };
		9BADC6D926D3A95200F4E682 /* cupquiz.json */ = {isa = PBXFileReference; lastKnownFileType = text.json; path = cupquiz.json; sourceTree = "<group>"; };
		9BADC6DB26D3ACBB00F4E682 /* CupQuizModel.swift */ = {isa = PBXFileReference; lastKnownFileType = sourcecode.swift; path = CupQuizModel.swift; sourceTree = "<group>"; };
		9BADC6DD26D4AF6C00F4E682 /* CupQuizFinalView.swift */ = {isa = PBXFileReference; lastKnownFileType = sourcecode.swift; path = CupQuizFinalView.swift; sourceTree = "<group>"; };
		9BB02FC626BE825D0005E87A /* QuizModel.swift */ = {isa = PBXFileReference; lastKnownFileType = sourcecode.swift; path = QuizModel.swift; sourceTree = "<group>"; };
		9BB1193026A73191007282BA /* TimerMode.swift */ = {isa = PBXFileReference; lastKnownFileType = sourcecode.swift; path = TimerMode.swift; sourceTree = "<group>"; };
		9BB1193226A81FD1007282BA /* TimerManager.swift */ = {isa = PBXFileReference; lastKnownFileType = sourcecode.swift; path = TimerManager.swift; sourceTree = "<group>"; };
		9BB2BBB5267CC424006DF157 /* EducationalView.swift */ = {isa = PBXFileReference; lastKnownFileType = sourcecode.swift; path = EducationalView.swift; sourceTree = "<group>"; };
		9BB2BBB7267CC43B006DF157 /* HomeView.swift */ = {isa = PBXFileReference; lastKnownFileType = sourcecode.swift; path = HomeView.swift; sourceTree = "<group>"; };
		9BB2BBB9267CC44F006DF157 /* FlowView.swift */ = {isa = PBXFileReference; lastKnownFileType = sourcecode.swift; path = FlowView.swift; sourceTree = "<group>"; };
		9BB2BBBB267CC495006DF157 /* MapView.swift */ = {isa = PBXFileReference; lastKnownFileType = sourcecode.swift; path = MapView.swift; sourceTree = "<group>"; };
		9BB2BBBD267CC4B7006DF157 /* HelpView.swift */ = {isa = PBXFileReference; lastKnownFileType = sourcecode.swift; path = HelpView.swift; sourceTree = "<group>"; };
		9BB2BBC2267E289E006DF157 /* OrgLocationModel.swift */ = {isa = PBXFileReference; lastKnownFileType = sourcecode.swift; path = OrgLocationModel.swift; sourceTree = "<group>"; };
		9BB2BBC5267E3AF4006DF157 /* MapAnnotationView.swift */ = {isa = PBXFileReference; lastKnownFileType = sourcecode.swift; path = MapAnnotationView.swift; sourceTree = "<group>"; };
		9BC8A446268760990023C2DA /* LearnerTopModel.swift */ = {isa = PBXFileReference; lastKnownFileType = sourcecode.swift; path = LearnerTopModel.swift; sourceTree = "<group>"; };
		9BEF7611267F935200F5AA42 /* LocationPinView.swift */ = {isa = PBXFileReference; lastKnownFileType = sourcecode.swift; path = LocationPinView.swift; sourceTree = "<group>"; };
		9BF328A52689673C00D0B132 /* AffirmTabView.swift */ = {isa = PBXFileReference; lastKnownFileType = sourcecode.swift; path = AffirmTabView.swift; sourceTree = "<group>"; };
		9BF328A72689864400D0B132 /* categoryquiz1.json */ = {isa = PBXFileReference; fileEncoding = 4; lastKnownFileType = text.json; path = categoryquiz1.json; sourceTree = "<group>"; };
		9BFC91C8267EF0E5002A6D12 /* CodableBundleExtensions.swift */ = {isa = PBXFileReference; lastKnownFileType = sourcecode.swift; path = CodableBundleExtensions.swift; sourceTree = "<group>"; };
		9BFC91CA267EF4B8002A6D12 /* location.json */ = {isa = PBXFileReference; lastKnownFileType = text.json; path = location.json; sourceTree = "<group>"; };
		DBD704E9FA3AFEFAF64676BF /* Pods-Cup For Change.debug.xcconfig */ = {isa = PBXFileReference; includeInIndex = 1; lastKnownFileType = text.xcconfig; name = "Pods-Cup For Change.debug.xcconfig"; path = "Target Support Files/Pods-Cup For Change/Pods-Cup For Change.debug.xcconfig"; sourceTree = "<group>"; };
		F1323C690B00853F5D27A156 /* Pods-Cup For Change.release.xcconfig */ = {isa = PBXFileReference; includeInIndex = 1; lastKnownFileType = text.xcconfig; name = "Pods-Cup For Change.release.xcconfig"; path = "Target Support Files/Pods-Cup For Change/Pods-Cup For Change.release.xcconfig"; sourceTree = "<group>"; };
/* End PBXFileReference section */

/* Begin PBXFrameworksBuildPhase section */
		9BA6E04026723E330086599B /* Frameworks */ = {
			isa = PBXFrameworksBuildPhase;
			buildActionMask = 2147483647;
			files = (
			);
			runOnlyForDeploymentPostprocessing = 0;
		};
/* End PBXFrameworksBuildPhase section */

/* Begin PBXGroup section */
		9B874F9E26881C7800DAC53D /* Utility */ = {
			isa = PBXGroup;
			children = (
				9B874F9C26881C7400DAC53D /* Constant.swift */,
				9BB1193026A73191007282BA /* TimerMode.swift */,
			);
			path = Utility;
			sourceTree = "<group>";
		};
		9BA6E03A26723E330086599B = {
			isa = PBXGroup;
			children = (
				9BA6E04526723E330086599B /* Cup For Change */,
				9BA6E04426723E330086599B /* Products */,
				D81AA4CDBC092E1CFCB80C81 /* Pods */,
				9C438F7D9878B070B2CC46E3 /* Frameworks */,
			);
			sourceTree = "<group>";
		};
		9BA6E04426723E330086599B /* Products */ = {
			isa = PBXGroup;
			children = (
				9BA6E04326723E330086599B /* Cup For Change.app */,
			);
			name = Products;
			sourceTree = "<group>";
		};
		9BA6E04526723E330086599B /* Cup For Change */ = {
			isa = PBXGroup;
			children = (
				9BFC91C7267EF08F002A6D12 /* Extensions */,
				9BA6E055267242190086599B /* App */,
				9BA6E0572672423E0086599B /* View */,
				9BA6E056267242220086599B /* Data */,
				9BA6E0582672424B0086599B /* Model */,
				9B874F9E26881C7800DAC53D /* Utility */,
				9BA6E04A26723E350086599B /* Assets.xcassets */,
				9BA6E04F26723E350086599B /* Info.plist */,
				9BA6E04C26723E350086599B /* Preview Content */,
			);
			path = "Cup For Change";
			sourceTree = "<group>";
		};
		9BA6E04C26723E350086599B /* Preview Content */ = {
			isa = PBXGroup;
			children = (
				9BA6E04D26723E350086599B /* Preview Assets.xcassets */,
			);
			path = "Preview Content";
			sourceTree = "<group>";
		};
		9BA6E055267242190086599B /* App */ = {
			isa = PBXGroup;
			children = (
				9BA6E04626723E330086599B /* Cup_For_ChangeApp.swift */,
				9BA6E04826723E330086599B /* ContentView.swift */,
				9BB2BBB7267CC43B006DF157 /* HomeView.swift */,
				9BB2BBB5267CC424006DF157 /* EducationalView.swift */,
				9BB2BBB9267CC44F006DF157 /* FlowView.swift */,
				9BB2BBBD267CC4B7006DF157 /* HelpView.swift */,
				9BB2BBBB267CC495006DF157 /* MapView.swift */,
			);
			path = App;
			sourceTree = "<group>";
		};
		9BA6E056267242220086599B /* Data */ = {
			isa = PBXGroup;
			children = (
				9BFC91CA267EF4B8002A6D12 /* location.json */,
				9B05DD242688CC8600B0D0AE /* learner.json */,
				9B2971AE268C12F5009F0148 /* articles.json */,
				9B5A46E126A2EE210018967D /* articlestwo.json */,
				9BF328A72689864400D0B132 /* categoryquiz1.json */,
				9BADC6D926D3A95200F4E682 /* cupquiz.json */,
				9B5BF1C826D8DF8700460746 /* resources.json */,
				9B8249BD26DBF2B900E57090 /* resourcessad.json */,
			);
			path = Data;
			sourceTree = "<group>";
		};
		9BA6E0572672423E0086599B /* View */ = {
			isa = PBXGroup;
			children = (
				9B90BA482686CC840064FA1F /* NavigationBarView.swift */,
				9B5BF1C626D7822700460746 /* NavigationBar.swift */,
				9BB2BBC5267E3AF4006DF157 /* MapAnnotationView.swift */,
				9BEF7611267F935200F5AA42 /* LocationPinView.swift */,
				9B874F9F26881D8300DAC53D /* AffirmItemView.swift */,
				9BF328A52689673C00D0B132 /* AffirmTabView.swift */,
				9B2971AA268C1104009F0148 /* ArticleCardView.swift */,
				9B2971AC268C113E009F0148 /* ArticleScrollView.swift */,
				9B5A46E526A2EF1B0018967D /* ArticleTwoCardView.swift */,
				9B5A46E326A2EEEC0018967D /* ArticleTwoScrollView.swift */,
				9BB1193226A81FD1007282BA /* TimerManager.swift */,
				9B0C517026C1502100645215 /* ArticleHeader.swift */,
				9BADC6D726D3A76100F4E682 /* CupQuiz.swift */,
				9BADC6DD26D4AF6C00F4E682 /* CupQuizFinalView.swift */,
				9B5BF1C426D6095F00460746 /* SingleQuizView.swift */,
				9B8DB6CF26B66F12001E08C2 /* SingleCardView.swift */,
				9BADC6D526D393DC00F4E682 /* FinalView.swift */,
				9B5BF1CC26D8E2A800460746 /* MoodHeaderView.swift */,
				9B8249B326D9DED300E57090 /* MoodArticlesView.swift */,
				9B8249B526DA940900E57090 /* MoodFoods.swift */,
				9B8249C126DC115300E57090 /* MoodYoga.swift */,
				9B8249B726DBDD2000E57090 /* MoodMeditation.swift */,
				9B46A81426F4A60E008EC2F9 /* TipsView.swift */,
			);
			path = View;
			sourceTree = "<group>";
		};
		9BA6E0582672424B0086599B /* Model */ = {
			isa = PBXGroup;
			children = (
				9BB2BBC2267E289E006DF157 /* OrgLocationModel.swift */,
				9BC8A446268760990023C2DA /* LearnerTopModel.swift */,
				9B2971B0268CAD9A009F0148 /* ArticlesModel.swift */,
				9B06A6AC26A2FC9700111062 /* ArticlesTwoModel.swift */,
				9BB02FC626BE825D0005E87A /* QuizModel.swift */,
				9BADC6DB26D3ACBB00F4E682 /* CupQuizModel.swift */,
				9B5BF1CA26D8E01200460746 /* MoodModel.swift */,
				9B8249BF26DBF59100E57090 /* SadMoodModel.swift */,
			);
			path = Model;
			sourceTree = "<group>";
		};
		9BFC91C7267EF08F002A6D12 /* Extensions */ = {
			isa = PBXGroup;
			children = (
				9BFC91C8267EF0E5002A6D12 /* CodableBundleExtensions.swift */,
				9BAA753B2744038C00584B80 /* GoogleService-Info.plist */,
			);
			path = Extensions;
			sourceTree = "<group>";
		};
		9C438F7D9878B070B2CC46E3 /* Frameworks */ = {
			isa = PBXGroup;
			children = (
				46B1142A6B93FFB73ADFA8C7 /* Pods_Cup_For_Change.framework */,
			);
			name = Frameworks;
			sourceTree = "<group>";
		};
		D81AA4CDBC092E1CFCB80C81 /* Pods */ = {
			isa = PBXGroup;
			children = (
				DBD704E9FA3AFEFAF64676BF /* Pods-Cup For Change.debug.xcconfig */,
				F1323C690B00853F5D27A156 /* Pods-Cup For Change.release.xcconfig */,
			);
			path = Pods;
			sourceTree = "<group>";
		};
/* End PBXGroup section */

/* Begin PBXNativeTarget section */
		9BA6E04226723E330086599B /* Cup For Change */ = {
			isa = PBXNativeTarget;
			buildConfigurationList = 9BA6E05226723E350086599B /* Build configuration list for PBXNativeTarget "Cup For Change" */;
			buildPhases = (
				33D8F983D9E4AE47DB9234F8 /* [CP] Check Pods Manifest.lock */,
				9BA6E03F26723E330086599B /* Sources */,
				9BA6E04026723E330086599B /* Frameworks */,
				9BA6E04126723E330086599B /* Resources */,
				FEECFDC13E6951A7B480FF3C /* [CP] Embed Pods Frameworks */,
			);
			buildRules = (
			);
			dependencies = (
			);
			name = "Cup For Change";
			productName = "Cup For Change";
			productReference = 9BA6E04326723E330086599B /* Cup For Change.app */;
			productType = "com.apple.product-type.application";
		};
/* End PBXNativeTarget section */

/* Begin PBXProject section */
		9BA6E03B26723E330086599B /* Project object */ = {
			isa = PBXProject;
			attributes = {
				LastSwiftUpdateCheck = 1250;
				LastUpgradeCheck = 1250;
				TargetAttributes = {
					9BA6E04226723E330086599B = {
						CreatedOnToolsVersion = 12.5;
					};
				};
			};
			buildConfigurationList = 9BA6E03E26723E330086599B /* Build configuration list for PBXProject "Cup For Change" */;
			compatibilityVersion = "Xcode 9.3";
			developmentRegion = en;
			hasScannedForEncodings = 0;
			knownRegions = (
				en,
				Base,
			);
			mainGroup = 9BA6E03A26723E330086599B;
			productRefGroup = 9BA6E04426723E330086599B /* Products */;
			projectDirPath = "";
			projectRoot = "";
			targets = (
				9BA6E04226723E330086599B /* Cup For Change */,
			);
		};
/* End PBXProject section */

/* Begin PBXResourcesBuildPhase section */
		9BA6E04126723E330086599B /* Resources */ = {
			isa = PBXResourcesBuildPhase;
			buildActionMask = 2147483647;
			files = (
				9B5A46E226A2EE210018967D /* articlestwo.json in Resources */,
				9B05DD252688CC8600B0D0AE /* learner.json in Resources */,
				9BA6E04E26723E350086599B /* Preview Assets.xcassets in Resources */,
				9BF328A82689864400D0B132 /* categoryquiz1.json in Resources */,
				9BFC91CB267EF4B8002A6D12 /* location.json in Resources */,
				9BADC6DA26D3A95200F4E682 /* cupquiz.json in Resources */,
				9B8249BE26DBF2B900E57090 /* resourcessad.json in Resources */,
				9B5BF1C926D8DF8700460746 /* resources.json in Resources */,
				9BAA753C2744038C00584B80 /* GoogleService-Info.plist in Resources */,
				9B2971AF268C12F5009F0148 /* articles.json in Resources */,
				9BA6E04B26723E350086599B /* Assets.xcassets in Resources */,
			);
			runOnlyForDeploymentPostprocessing = 0;
		};
/* End PBXResourcesBuildPhase section */

/* Begin PBXShellScriptBuildPhase section */
		33D8F983D9E4AE47DB9234F8 /* [CP] Check Pods Manifest.lock */ = {
			isa = PBXShellScriptBuildPhase;
			buildActionMask = 2147483647;
			files = (
			);
			inputFileListPaths = (
			);
			inputPaths = (
				"${PODS_PODFILE_DIR_PATH}/Podfile.lock",
				"${PODS_ROOT}/Manifest.lock",
			);
			name = "[CP] Check Pods Manifest.lock";
			outputFileListPaths = (
			);
			outputPaths = (
				"$(DERIVED_FILE_DIR)/Pods-Cup For Change-checkManifestLockResult.txt",
			);
			runOnlyForDeploymentPostprocessing = 0;
			shellPath = /bin/sh;
			shellScript = "diff \"${PODS_PODFILE_DIR_PATH}/Podfile.lock\" \"${PODS_ROOT}/Manifest.lock\" > /dev/null\nif [ $? != 0 ] ; then\n    # print error to STDERR\n    echo \"error: The sandbox is not in sync with the Podfile.lock. Run 'pod install' or update your CocoaPods installation.\" >&2\n    exit 1\nfi\n# This output is used by Xcode 'outputs' to avoid re-running this script phase.\necho \"SUCCESS\" > \"${SCRIPT_OUTPUT_FILE_0}\"\n";
			showEnvVarsInLog = 0;
		};
		FEECFDC13E6951A7B480FF3C /* [CP] Embed Pods Frameworks */ = {
			isa = PBXShellScriptBuildPhase;
			buildActionMask = 2147483647;
			files = (
			);
			inputFileListPaths = (
				"${PODS_ROOT}/Target Support Files/Pods-Cup For Change/Pods-Cup For Change-frameworks-${CONFIGURATION}-input-files.xcfilelist",
			);
			name = "[CP] Embed Pods Frameworks";
			outputFileListPaths = (
				"${PODS_ROOT}/Target Support Files/Pods-Cup For Change/Pods-Cup For Change-frameworks-${CONFIGURATION}-output-files.xcfilelist",
			);
			runOnlyForDeploymentPostprocessing = 0;
			shellPath = /bin/sh;
			shellScript = "\"${PODS_ROOT}/Target Support Files/Pods-Cup For Change/Pods-Cup For Change-frameworks.sh\"\n";
			showEnvVarsInLog = 0;
		};
/* End PBXShellScriptBuildPhase section */

/* Begin PBXSourcesBuildPhase section */
		9BA6E03F26723E330086599B /* Sources */ = {
			isa = PBXSourcesBuildPhase;
			buildActionMask = 2147483647;
			files = (
				9B874FA026881D8300DAC53D /* AffirmItemView.swift in Sources */,
				9BF328A62689673C00D0B132 /* AffirmTabView.swift in Sources */,
				9BFC91C9267EF0E5002A6D12 /* CodableBundleExtensions.swift in Sources */,
				9B5BF1C526D6095F00460746 /* SingleQuizView.swift in Sources */,
				9BADC6D626D393DC00F4E682 /* FinalView.swift in Sources */,
				9B874F9D26881C7400DAC53D /* Constant.swift in Sources */,
				9BB02FC726BE825D0005E87A /* QuizModel.swift in Sources */,
				9B0C517126C1502100645215 /* ArticleHeader.swift in Sources */,
				9B8DB6D026B66F12001E08C2 /* SingleCardView.swift in Sources */,
				9B5BF1C726D7822700460746 /* NavigationBar.swift in Sources */,
				9BADC6D826D3A76100F4E682 /* CupQuiz.swift in Sources */,
				9BB2BBC6267E3AF4006DF157 /* MapAnnotationView.swift in Sources */,
				9B90BA492686CC840064FA1F /* NavigationBarView.swift in Sources */,
				9B8249B626DA940A00E57090 /* MoodFoods.swift in Sources */,
				9B5BF1CB26D8E01200460746 /* MoodModel.swift in Sources */,
				9B2971B1268CAD9A009F0148 /* ArticlesModel.swift in Sources */,
				9BADC6DC26D3ACBB00F4E682 /* CupQuizModel.swift in Sources */,
				9BB2BBBC267CC495006DF157 /* MapView.swift in Sources */,
				9B46A81526F4A60E008EC2F9 /* TipsView.swift in Sources */,
				9B06A6AD26A2FC9700111062 /* ArticlesTwoModel.swift in Sources */,
				9BB2BBBA267CC44F006DF157 /* FlowView.swift in Sources */,
				9BB2BBC3267E289E006DF157 /* OrgLocationModel.swift in Sources */,
				9BB2BBB6267CC424006DF157 /* EducationalView.swift in Sources */,
				9B8249C026DBF59100E57090 /* SadMoodModel.swift in Sources */,
				9B5A46E626A2EF1B0018967D /* ArticleTwoCardView.swift in Sources */,
				9B8249B426D9DED300E57090 /* MoodArticlesView.swift in Sources */,
				9B8249B826DBDD2000E57090 /* MoodMeditation.swift in Sources */,
				9B8249C226DC115300E57090 /* MoodYoga.swift in Sources */,
				9BB1193326A81FD1007282BA /* TimerManager.swift in Sources */,
				9BADC6DE26D4AF6C00F4E682 /* CupQuizFinalView.swift in Sources */,
				9BB2BBBE267CC4B7006DF157 /* HelpView.swift in Sources */,
				9BB1193126A73191007282BA /* TimerMode.swift in Sources */,
				9BA6E04926723E330086599B /* ContentView.swift in Sources */,
				9BB2BBB8267CC43B006DF157 /* HomeView.swift in Sources */,
				9BEF7612267F935200F5AA42 /* LocationPinView.swift in Sources */,
				9BC8A447268760990023C2DA /* LearnerTopModel.swift in Sources */,
				9B5BF1CD26D8E2A800460746 /* MoodHeaderView.swift in Sources */,
				9B2971AB268C1105009F0148 /* ArticleCardView.swift in Sources */,
				9B5A46E426A2EEEC0018967D /* ArticleTwoScrollView.swift in Sources */,
				9B2971AD268C113E009F0148 /* ArticleScrollView.swift in Sources */,
				9BA6E04726723E330086599B /* Cup_For_ChangeApp.swift in Sources */,
			);
			runOnlyForDeploymentPostprocessing = 0;
		};
/* End PBXSourcesBuildPhase section */

/* Begin XCBuildConfiguration section */
		9BA6E05026723E350086599B /* Debug */ = {
			isa = XCBuildConfiguration;
			buildSettings = {
				ALWAYS_SEARCH_USER_PATHS = NO;
				CLANG_ANALYZER_NONNULL = YES;
				CLANG_ANALYZER_NUMBER_OBJECT_CONVERSION = YES_AGGRESSIVE;
				CLANG_CXX_LANGUAGE_STANDARD = "gnu++14";
				CLANG_CXX_LIBRARY = "libc++";
				CLANG_ENABLE_MODULES = YES;
				CLANG_ENABLE_OBJC_ARC = YES;
				CLANG_ENABLE_OBJC_WEAK = YES;
				CLANG_WARN_BLOCK_CAPTURE_AUTORELEASING = YES;
				CLANG_WARN_BOOL_CONVERSION = YES;
				CLANG_WARN_COMMA = YES;
				CLANG_WARN_CONSTANT_CONVERSION = YES;
				CLANG_WARN_DEPRECATED_OBJC_IMPLEMENTATIONS = YES;
				CLANG_WARN_DIRECT_OBJC_ISA_USAGE = YES_ERROR;
				CLANG_WARN_DOCUMENTATION_COMMENTS = YES;
				CLANG_WARN_EMPTY_BODY = YES;
				CLANG_WARN_ENUM_CONVERSION = YES;
				CLANG_WARN_INFINITE_RECURSION = YES;
				CLANG_WARN_INT_CONVERSION = YES;
				CLANG_WARN_NON_LITERAL_NULL_CONVERSION = YES;
				CLANG_WARN_OBJC_IMPLICIT_RETAIN_SELF = YES;
				CLANG_WARN_OBJC_LITERAL_CONVERSION = YES;
				CLANG_WARN_OBJC_ROOT_CLASS = YES_ERROR;
				CLANG_WARN_QUOTED_INCLUDE_IN_FRAMEWORK_HEADER = YES;
				CLANG_WARN_RANGE_LOOP_ANALYSIS = YES;
				CLANG_WARN_STRICT_PROTOTYPES = YES;
				CLANG_WARN_SUSPICIOUS_MOVE = YES;
				CLANG_WARN_UNGUARDED_AVAILABILITY = YES_AGGRESSIVE;
				CLANG_WARN_UNREACHABLE_CODE = YES;
				CLANG_WARN__DUPLICATE_METHOD_MATCH = YES;
				COPY_PHASE_STRIP = NO;
				DEBUG_INFORMATION_FORMAT = dwarf;
				ENABLE_STRICT_OBJC_MSGSEND = YES;
				ENABLE_TESTABILITY = YES;
				GCC_C_LANGUAGE_STANDARD = gnu11;
				GCC_DYNAMIC_NO_PIC = NO;
				GCC_NO_COMMON_BLOCKS = YES;
				GCC_OPTIMIZATION_LEVEL = 0;
				GCC_PREPROCESSOR_DEFINITIONS = (
					"DEBUG=1",
					"$(inherited)",
				);
				GCC_WARN_64_TO_32_BIT_CONVERSION = YES;
				GCC_WARN_ABOUT_RETURN_TYPE = YES_ERROR;
				GCC_WARN_UNDECLARED_SELECTOR = YES;
				GCC_WARN_UNINITIALIZED_AUTOS = YES_AGGRESSIVE;
				GCC_WARN_UNUSED_FUNCTION = YES;
				GCC_WARN_UNUSED_VARIABLE = YES;
				IPHONEOS_DEPLOYMENT_TARGET = 14.5;
				MTL_ENABLE_DEBUG_INFO = INCLUDE_SOURCE;
				MTL_FAST_MATH = YES;
				ONLY_ACTIVE_ARCH = YES;
				SDKROOT = iphoneos;
				SWIFT_ACTIVE_COMPILATION_CONDITIONS = DEBUG;
				SWIFT_OPTIMIZATION_LEVEL = "-Onone";
			};
			name = Debug;
		};
		9BA6E05126723E350086599B /* Release */ = {
			isa = XCBuildConfiguration;
			buildSettings = {
				ALWAYS_SEARCH_USER_PATHS = NO;
				CLANG_ANALYZER_NONNULL = YES;
				CLANG_ANALYZER_NUMBER_OBJECT_CONVERSION = YES_AGGRESSIVE;
				CLANG_CXX_LANGUAGE_STANDARD = "gnu++14";
				CLANG_CXX_LIBRARY = "libc++";
				CLANG_ENABLE_MODULES = YES;
				CLANG_ENABLE_OBJC_ARC = YES;
				CLANG_ENABLE_OBJC_WEAK = YES;
				CLANG_WARN_BLOCK_CAPTURE_AUTORELEASING = YES;
				CLANG_WARN_BOOL_CONVERSION = YES;
				CLANG_WARN_COMMA = YES;
				CLANG_WARN_CONSTANT_CONVERSION = YES;
				CLANG_WARN_DEPRECATED_OBJC_IMPLEMENTATIONS = YES;
				CLANG_WARN_DIRECT_OBJC_ISA_USAGE = YES_ERROR;
				CLANG_WARN_DOCUMENTATION_COMMENTS = YES;
				CLANG_WARN_EMPTY_BODY = YES;
				CLANG_WARN_ENUM_CONVERSION = YES;
				CLANG_WARN_INFINITE_RECURSION = YES;
				CLANG_WARN_INT_CONVERSION = YES;
				CLANG_WARN_NON_LITERAL_NULL_CONVERSION = YES;
				CLANG_WARN_OBJC_IMPLICIT_RETAIN_SELF = YES;
				CLANG_WARN_OBJC_LITERAL_CONVERSION = YES;
				CLANG_WARN_OBJC_ROOT_CLASS = YES_ERROR;
				CLANG_WARN_QUOTED_INCLUDE_IN_FRAMEWORK_HEADER = YES;
				CLANG_WARN_RANGE_LOOP_ANALYSIS = YES;
				CLANG_WARN_STRICT_PROTOTYPES = YES;
				CLANG_WARN_SUSPICIOUS_MOVE = YES;
				CLANG_WARN_UNGUARDED_AVAILABILITY = YES_AGGRESSIVE;
				CLANG_WARN_UNREACHABLE_CODE = YES;
				CLANG_WARN__DUPLICATE_METHOD_MATCH = YES;
				COPY_PHASE_STRIP = NO;
				DEBUG_INFORMATION_FORMAT = "dwarf-with-dsym";
				ENABLE_NS_ASSERTIONS = NO;
				ENABLE_STRICT_OBJC_MSGSEND = YES;
				GCC_C_LANGUAGE_STANDARD = gnu11;
				GCC_NO_COMMON_BLOCKS = YES;
				GCC_WARN_64_TO_32_BIT_CONVERSION = YES;
				GCC_WARN_ABOUT_RETURN_TYPE = YES_ERROR;
				GCC_WARN_UNDECLARED_SELECTOR = YES;
				GCC_WARN_UNINITIALIZED_AUTOS = YES_AGGRESSIVE;
				GCC_WARN_UNUSED_FUNCTION = YES;
				GCC_WARN_UNUSED_VARIABLE = YES;
				IPHONEOS_DEPLOYMENT_TARGET = 14.5;
				MTL_ENABLE_DEBUG_INFO = NO;
				MTL_FAST_MATH = YES;
				SDKROOT = iphoneos;
				SWIFT_COMPILATION_MODE = wholemodule;
				SWIFT_OPTIMIZATION_LEVEL = "-O";
				VALIDATE_PRODUCT = YES;
			};
			name = Release;
		};
		9BA6E05326723E350086599B /* Debug */ = {
			isa = XCBuildConfiguration;
			baseConfigurationReference = DBD704E9FA3AFEFAF64676BF /* Pods-Cup For Change.debug.xcconfig */;
			buildSettings = {
				ASSETCATALOG_COMPILER_APPICON_NAME = AppIcon;
				ASSETCATALOG_COMPILER_GLOBAL_ACCENT_COLOR_NAME = AccentColor;
				ASSETCATALOG_COMPILER_INCLUDE_ALL_APPICON_ASSETS = YES;
				CODE_SIGN_STYLE = Automatic;
				DEVELOPMENT_ASSET_PATHS = "\"Cup For Change/Preview Content\"";
				DEVELOPMENT_TEAM = 24GSJ8USD7;
				ENABLE_PREVIEWS = YES;
				INFOPLIST_FILE = "Cup For Change/Info.plist";
				IPHONEOS_DEPLOYMENT_TARGET = 14.0;
				LD_RUNPATH_SEARCH_PATHS = (
					"$(inherited)",
					"@executable_path/Frameworks",
				);
				PRODUCT_BUNDLE_IDENTIFIER = "com.manasakalaimalai.Cup-For-Change";
				PRODUCT_NAME = "$(TARGET_NAME)";
				SWIFT_VERSION = 5.0;
				TARGETED_DEVICE_FAMILY = 1;
			};
			name = Debug;
		};
		9BA6E05426723E350086599B /* Release */ = {
			isa = XCBuildConfiguration;
			baseConfigurationReference = F1323C690B00853F5D27A156 /* Pods-Cup For Change.release.xcconfig */;
			buildSettings = {
				ASSETCATALOG_COMPILER_APPICON_NAME = AppIcon;
				ASSETCATALOG_COMPILER_GLOBAL_ACCENT_COLOR_NAME = AccentColor;
				ASSETCATALOG_COMPILER_INCLUDE_ALL_APPICON_ASSETS = YES;
				CODE_SIGN_STYLE = Automatic;
				DEVELOPMENT_ASSET_PATHS = "\"Cup For Change/Preview Content\"";
				DEVELOPMENT_TEAM = 24GSJ8USD7;
				ENABLE_PREVIEWS = YES;
				INFOPLIST_FILE = "Cup For Change/Info.plist";
				IPHONEOS_DEPLOYMENT_TARGET = 14.0;
				LD_RUNPATH_SEARCH_PATHS = (
					"$(inherited)",
					"@executable_path/Frameworks",
				);
				PRODUCT_BUNDLE_IDENTIFIER = "com.manasakalaimalai.Cup-For-Change";
				PRODUCT_NAME = "$(TARGET_NAME)";
				SWIFT_VERSION = 5.0;
				TARGETED_DEVICE_FAMILY = 1;
			};
			name = Release;
		};
/* End XCBuildConfiguration section */

/* Begin XCConfigurationList section */
		9BA6E03E26723E330086599B /* Build configuration list for PBXProject "Cup For Change" */ = {
			isa = XCConfigurationList;
			buildConfigurations = (
				9BA6E05026723E350086599B /* Debug */,
				9BA6E05126723E350086599B /* Release */,
			);
			defaultConfigurationIsVisible = 0;
			defaultConfigurationName = Release;
		};
		9BA6E05226723E350086599B /* Build configuration list for PBXNativeTarget "Cup For Change" */ = {
			isa = XCConfigurationList;
			buildConfigurations = (
				9BA6E05326723E350086599B /* Debug */,
				9BA6E05426723E350086599B /* Release */,
			);
			defaultConfigurationIsVisible = 0;
			defaultConfigurationName = Release;
		};
/* End XCConfigurationList section */
	};
	rootObject = 9BA6E03B26723E330086599B /* Project object */;
}
